{
  "name": "@functions",
  "requires": true,
  "lockfileVersion": 1,
  "dependencies": {
    "@types/i18n-js": {
      "version": "3.0.1",
      "resolved": "https://registry.npmjs.org/@types/i18n-js/-/i18n-js-3.0.1.tgz",
      "integrity": "sha512-m7tWPh9zKpQoYenIpkmeREb2oMaZiZB8qfGv+2ucDg1LgFnETAxYIXkT8dASGyVRWZyEhNEPlfODP4+QfXI3KQ==",
      "dev": true
    }
  }
}
